github.com/tencentcloud/tencentcloud-sdk-go/tencentcloud/cdb v1.0.985 h1:U+9UJtmFC0HtAeUTjbx9YPHgTR4aTLC/0LZXw+7oSNY=
github.com/tencentcloud/tencentcloud-sdk-go/tencentcloud/cdb v1.0.985/go.mod h1:zo77m9R3xmTuqg2DUCpWR3CU7h4sb2uhwnu5NSh1vRg=
github.com/tencentcloud/tencentcloud-sdk-go/tencentcloud/cls v1.0.985 h1:RQrdHPx2CUigGohINcTO0Qw33HgUeFVv93GDlwIUM+A=
github.com/tencentcloud/tencentcloud-sdk-go/tencentcloud/cls v1.0.985/go.mod h1:t9D7LmaHF5JyGvSShbBOpyIGnHyD9BujYF4duamNc1A=
github.com/tencentcloud/tencentcloud-sdk-go/tencentcloud/common v1.0.985 h1:5WfzY3cpo/cV4bS2Jj9WbQ7HYRGIfslkXwEI2BpSW4g=
github.com/tencentcloud/tencentcloud-sdk-go/tencentcloud/common v1.0.985/go.mod h1:r5r4xbfxSaeR04b166HGsBa/R4U3SueirEUpXGuw+Q0=
github.com/tencentcloud/tencentcloud-sdk-go/tencentcloud/cvm v1.0.985 h1:imiU2S3aaP5yc4l5RBtz/Ssdqu+yJcXH2iBe3yz9f4c=
github.com/tencentcloud/tencentcloud-sdk-go/tencentcloud/cvm v1.0.985/go.mod h1:Q1KzA5q8g1cHS5kGO+rboM3BHR+D3u221gvw3bAtdN8=
github.com/tencentcloud/tencentcloud-sdk-go/tencentcloud/dnspod v1.0.985 h1:19aWHFMbFwEjFDVWH93Fc6JLa3bjX1/itqhSiWzboT8=
github.com/tencentcloud/tencentcloud-sdk-go/tencentcloud/dnspod v1.0.985/go.mod h1:qBktMp+PJMCJo5HVBfEJgKKh01PLKj0QEiE+Fhx8b3k=
github.com/tencentcloud/tencentcloud-sdk-go/tencentcloud/tke v1.0.985 h1:evLwA3lCE/QjVpAf/M7fZsqJQxNAyePZkIYKBDbNCuE=
github.com/tencentcloud/tencentcloud-sdk-go/tencentcloud/tke v1.0.985/go.mod h1:USTienU0O+xv9eKDnM52+2ZMGtJLmEuoeWAP6xLnwdY=
